
Microsoft Visual Studio Solution File, Format Version 12.00
# Visual Studio 15
VisualStudioVersion = 15.0.27703.2042
MinimumVisualStudioVersion = 10.0.40219.1
Project("{888888A0-9F3D-457C-B088-3A5042F75D52}") = "DataBaseProject", "DataBaseProject\DataBaseProject.pyproj", "{88DBC297-D1A9-465C-9276-85D043598443}"
EndProject
Global
	GlobalSection(SolutionConfigurationPlatforms) = preSolution
		Debug|Any CPU = Debug|Any CPU
		Release|Any CPU = Release|Any CPU
	EndGlobalSection
	GlobalSection(ProjectConfigurationPlatforms) = postSolution
		{88DBC297-D1A9-465C-9276-85D043598443}.Debug|Any CPU.ActiveCfg = Debug|Any CPU
		{88DBC297-D1A9-465C-9276-85D043598443}.Debug|Any CPU.Build.0 = Debug|Any CPU
		{88DBC297-D1A9-465C-9276-85D043598443}.Release|Any CPU.ActiveCfg = Release|Any CPU
		{88DBC297-D1A9-465C-9276-85D043598443}.Release|Any CPU.Build.0 = Release|Any CPU
	EndGlobalSection
	GlobalSection(SolutionProperties) = preSolution
		HideSolutionNode = FALSE
	EndGlobalSection
	GlobalSection(ExtensibilityGlobals) = postSolution
		SolutionGuid = {EEDC5342-F6D3-4215-ADCB-606D03DDFC21}
	EndGlobalSection
EndGlobal
